// !$*UTF8*$!
{
	archiveVersion = 1;
	classes = {
	};
	objectVersion = 51;
	objects = {

/* Begin PBXBuildFile section */
		0A1896592461ECF200F56723 /* AppDelegate.swift in Sources */ = {isa = PBXBuildFile; fileRef = 0A1896582461ECF200F56723 /* AppDelegate.swift */; };
		0A18965B2461ECF200F56723 /* SceneDelegate.swift in Sources */ = {isa = PBXBuildFile; fileRef = 0A18965A2461ECF200F56723 /* SceneDelegate.swift */; };
		0A18965D2461ECF200F56723 /* CharactersViewController.swift in Sources */ = {isa = PBXBuildFile; fileRef = 0A18965C2461ECF200F56723 /* CharactersViewController.swift */; };
		0A1896622461ECF300F56723 /* Assets.xcassets in Resources */ = {isa = PBXBuildFile; fileRef = 0A1896612461ECF300F56723 /* Assets.xcassets */; };
		0A1896652461ECF300F56723 /* LaunchScreen.storyboard in Resources */ = {isa = PBXBuildFile; fileRef = 0A1896632461ECF300F56723 /* LaunchScreen.storyboard */; };
		0A1EBBB824672F690062002D /* Networking.swift in Sources */ = {isa = PBXBuildFile; fileRef = 0A1EBBB724672F690062002D /* Networking.swift */; };
		0A1EBBBC246733F60062002D /* GetCharactersResponse.swift in Sources */ = {isa = PBXBuildFile; fileRef = 0A1EBBBB246733F60062002D /* GetCharactersResponse.swift */; };
		0A1EBBBF246734250062002D /* GetComicsResponse.swift in Sources */ = {isa = PBXBuildFile; fileRef = 0A1EBBBE246734250062002D /* GetComicsResponse.swift */; };
		0A1EBBC1246734610062002D /* RouterInterface.swift in Sources */ = {isa = PBXBuildFile; fileRef = 0A1EBBC0246734610062002D /* RouterInterface.swift */; };
		0A1EBBC3246734D40062002D /* HTTPMethod.swift in Sources */ = {isa = PBXBuildFile; fileRef = 0A1EBBC2246734D40062002D /* HTTPMethod.swift */; };
		0A1EBBC5246734FD0062002D /* Constants.swift in Sources */ = {isa = PBXBuildFile; fileRef = 0A1EBBC4246734FD0062002D /* Constants.swift */; };
		0A1EBBC7246735F60062002D /* CharacterRouter.swift in Sources */ = {isa = PBXBuildFile; fileRef = 0A1EBBC6246735F60062002D /* CharacterRouter.swift */; };
		0ACA31E42466D3730087DDA1 /* AppCoordinator.swift in Sources */ = {isa = PBXBuildFile; fileRef = 0ACA31E32466D3730087DDA1 /* AppCoordinator.swift */; };
		0ACA31EC2466D46D0087DDA1 /* ViewController.swift in Sources */ = {isa = PBXBuildFile; fileRef = 0ACA31E72466D46D0087DDA1 /* ViewController.swift */; };
		0ACA31ED2466D46D0087DDA1 /* NibViewController.swift in Sources */ = {isa = PBXBuildFile; fileRef = 0ACA31E82466D46D0087DDA1 /* NibViewController.swift */; };
		0ACA31EE2466D46D0087DDA1 /* ViewControllerInterface.swift in Sources */ = {isa = PBXBuildFile; fileRef = 0ACA31EA2466D46D0087DDA1 /* ViewControllerInterface.swift */; };
		0ACA31EF2466D46D0087DDA1 /* NibViewInterface.swift in Sources */ = {isa = PBXBuildFile; fileRef = 0ACA31EB2466D46D0087DDA1 /* NibViewInterface.swift */; };
		0ACA31F62466D5580087DDA1 /* CharactersContentView.swift in Sources */ = {isa = PBXBuildFile; fileRef = 0ACA31F52466D5580087DDA1 /* CharactersContentView.swift */; };
		0ACA31F82466D56A0087DDA1 /* CharactersContentView.xib in Resources */ = {isa = PBXBuildFile; fileRef = 0ACA31F72466D56A0087DDA1 /* CharactersContentView.xib */; };
		0ACA31FE2466DC970087DDA1 /* ShowingDataCharacterTableViewCell.swift in Sources */ = {isa = PBXBuildFile; fileRef = 0ACA31FD2466DC970087DDA1 /* ShowingDataCharacterTableViewCell.swift */; };
		0ACA32002466DCF10087DDA1 /* ShowingDataCharacterTableViewCell.xib in Resources */ = {isa = PBXBuildFile; fileRef = 0ACA31FF2466DCF10087DDA1 /* ShowingDataCharacterTableViewCell.xib */; };
		0ACA32062466DDB10087DDA1 /* ErrorCharacterTableViewCell.swift in Sources */ = {isa = PBXBuildFile; fileRef = 0ACA32052466DDB10087DDA1 /* ErrorCharacterTableViewCell.swift */; };
		0ACA32082466DDC00087DDA1 /* ErrorCharacterTableViewCell.xib in Resources */ = {isa = PBXBuildFile; fileRef = 0ACA32072466DDC00087DDA1 /* ErrorCharacterTableViewCell.xib */; };
		0ACA320A2466DDD30087DDA1 /* EmptyCharacterTableViewCell.swift in Sources */ = {isa = PBXBuildFile; fileRef = 0ACA32092466DDD30087DDA1 /* EmptyCharacterTableViewCell.swift */; };
		0ACA320C2466DDDD0087DDA1 /* EmptyCharacterTableViewCell.xib in Resources */ = {isa = PBXBuildFile; fileRef = 0ACA320B2466DDDD0087DDA1 /* EmptyCharacterTableViewCell.xib */; };
		0ACA320E2466DDEC0087DDA1 /* InitialCharacterTableViewCell.swift in Sources */ = {isa = PBXBuildFile; fileRef = 0ACA320D2466DDEC0087DDA1 /* InitialCharacterTableViewCell.swift */; };
		0ACA32102466DDFC0087DDA1 /* InitialCharacterTableViewCell.xib in Resources */ = {isa = PBXBuildFile; fileRef = 0ACA320F2466DDFC0087DDA1 /* InitialCharacterTableViewCell.xib */; };
		0ACA32132466E2CA0087DDA1 /* Character.swift in Sources */ = {isa = PBXBuildFile; fileRef = 0ACA32122466E2CA0087DDA1 /* Character.swift */; };
		0ACA32152466E2DA0087DDA1 /* Comics.swift in Sources */ = {isa = PBXBuildFile; fileRef = 0ACA32142466E2DA0087DDA1 /* Comics.swift */; };
		0ACA32172466E2ED0087DDA1 /* Thumbnail.swift in Sources */ = {isa = PBXBuildFile; fileRef = 0ACA32162466E2ED0087DDA1 /* Thumbnail.swift */; };
		0ACA32192466E4970087DDA1 /* CharactersViewController+State.swift in Sources */ = {isa = PBXBuildFile; fileRef = 0ACA32182466E4970087DDA1 /* CharactersViewController+State.swift */; };
		0AD4F65E24697388009CFF4A /* CharacterDetailViewController.swift in Sources */ = {isa = PBXBuildFile; fileRef = 0AD4F65D24697388009CFF4A /* CharacterDetailViewController.swift */; };
		0AD4F660246973A1009CFF4A /* CharacterDetailContentView.swift in Sources */ = {isa = PBXBuildFile; fileRef = 0AD4F65F246973A1009CFF4A /* CharacterDetailContentView.swift */; };
		0AD4F662246973AE009CFF4A /* CharacterDetailContentView.xib in Resources */ = {isa = PBXBuildFile; fileRef = 0AD4F661246973AE009CFF4A /* CharacterDetailContentView.xib */; };
		0AD4F664246973F1009CFF4A /* CharacterComicsViewController.swift in Sources */ = {isa = PBXBuildFile; fileRef = 0AD4F663246973F1009CFF4A /* CharacterComicsViewController.swift */; };
		0AD4F66624697409009CFF4A /* CharacterComicsContentView.swift in Sources */ = {isa = PBXBuildFile; fileRef = 0AD4F66524697409009CFF4A /* CharacterComicsContentView.swift */; };
		0AD4F66824697417009CFF4A /* CharacterComicsContentView.xib in Resources */ = {isa = PBXBuildFile; fileRef = 0AD4F66724697417009CFF4A /* CharacterComicsContentView.xib */; };
		0AD4F66A24697AB0009CFF4A /* UIView.swift in Sources */ = {isa = PBXBuildFile; fileRef = 0AD4F66924697AB0009CFF4A /* UIView.swift */; };
		0AD4F66D24697D1E009CFF4A /* ShowingDataComicsCollectionViewCell.swift in Sources */ = {isa = PBXBuildFile; fileRef = 0AD4F66C24697D1E009CFF4A /* ShowingDataComicsCollectionViewCell.swift */; };
		0AD4F66F24697D29009CFF4A /* ShowingDataComicsCollectionViewCell.xib in Resources */ = {isa = PBXBuildFile; fileRef = 0AD4F66E24697D29009CFF4A /* ShowingDataComicsCollectionViewCell.xib */; };
		0AD4F675246980AB009CFF4A /* LoadingComicsCollectionViewCell.swift in Sources */ = {isa = PBXBuildFile; fileRef = 0AD4F674246980AB009CFF4A /* LoadingComicsCollectionViewCell.swift */; };
		0AD4F677246980C5009CFF4A /* LoadingComicsCollectionViewCell.xib in Resources */ = {isa = PBXBuildFile; fileRef = 0AD4F676246980C5009CFF4A /* LoadingComicsCollectionViewCell.xib */; };
		0AD4F67924698127009CFF4A /* EmptyComicsCollectionViewCell.swift in Sources */ = {isa = PBXBuildFile; fileRef = 0AD4F67824698127009CFF4A /* EmptyComicsCollectionViewCell.swift */; };
		0AD4F67B24698133009CFF4A /* EmptyComicsCollectionViewCell.xib in Resources */ = {isa = PBXBuildFile; fileRef = 0AD4F67A24698133009CFF4A /* EmptyComicsCollectionViewCell.xib */; };
		0AD4F67D2469822B009CFF4A /* ErrorComicsCollectionViewCell.swift in Sources */ = {isa = PBXBuildFile; fileRef = 0AD4F67C2469822B009CFF4A /* ErrorComicsCollectionViewCell.swift */; };
		0AD4F67F24698234009CFF4A /* ErrorComicsCollectionViewCell.xib in Resources */ = {isa = PBXBuildFile; fileRef = 0AD4F67E24698234009CFF4A /* ErrorComicsCollectionViewCell.xib */; };
		0AD4F681246983AD009CFF4A /* CharacterComicsViewController+State.swift in Sources */ = {isa = PBXBuildFile; fileRef = 0AD4F680246983AD009CFF4A /* CharacterComicsViewController+State.swift */; };
		79D0885FFB147CBF96123793 /* Pods_MVC.framework in Frameworks */ = {isa = PBXBuildFile; fileRef = C7FF5FD936E1D46DA00B5127 /* Pods_MVC.framework */; };
/* End PBXBuildFile section */

/* Begin PBXFileReference section */
		0A1896552461ECF200F56723 /* MVC.app */ = {isa = PBXFileReference; explicitFileType = wrapper.application; includeInIndex = 0; path = MVC.app; sourceTree = BUILT_PRODUCTS_DIR; };
		0A1896582461ECF200F56723 /* AppDelegate.swift */ = {isa = PBXFileReference; lastKnownFileType = sourcecode.swift; path = AppDelegate.swift; sourceTree = "<group>"; };
		0A18965A2461ECF200F56723 /* SceneDelegate.swift */ = {isa = PBXFileReference; lastKnownFileType = sourcecode.swift; path = SceneDelegate.swift; sourceTree = "<group>"; };
		0A18965C2461ECF200F56723 /* CharactersViewController.swift */ = {isa = PBXFileReference; lastKnownFileType = sourcecode.swift; path = CharactersViewController.swift; sourceTree = "<group>"; };
		0A1896612461ECF300F56723 /* Assets.xcassets */ = {isa = PBXFileReference; lastKnownFileType = folder.assetcatalog; path = Assets.xcassets; sourceTree = "<group>"; };
		0A1896642461ECF300F56723 /* Base */ = {isa = PBXFileReference; lastKnownFileType = file.storyboard; name = Base; path = Base.lproj/LaunchScreen.storyboard; sourceTree = "<group>"; };
		0A1896662461ECF300F56723 /* Info.plist */ = {isa = PBXFileReference; lastKnownFileType = text.plist.xml; path = Info.plist; sourceTree = "<group>"; };
		0A1EBBB724672F690062002D /* Networking.swift */ = {isa = PBXFileReference; lastKnownFileType = sourcecode.swift; path = Networking.swift; sourceTree = "<group>"; };
		0A1EBBBB246733F60062002D /* GetCharactersResponse.swift */ = {isa = PBXFileReference; lastKnownFileType = sourcecode.swift; path = GetCharactersResponse.swift; sourceTree = "<group>"; };
		0A1EBBBE246734250062002D /* GetComicsResponse.swift */ = {isa = PBXFileReference; lastKnownFileType = sourcecode.swift; path = GetComicsResponse.swift; sourceTree = "<group>"; };
		0A1EBBC0246734610062002D /* RouterInterface.swift */ = {isa = PBXFileReference; lastKnownFileType = sourcecode.swift; path = RouterInterface.swift; sourceTree = "<group>"; };
		0A1EBBC2246734D40062002D /* HTTPMethod.swift */ = {isa = PBXFileReference; lastKnownFileType = sourcecode.swift; path = HTTPMethod.swift; sourceTree = "<group>"; };
		0A1EBBC4246734FD0062002D /* Constants.swift */ = {isa = PBXFileReference; lastKnownFileType = sourcecode.swift; path = Constants.swift; sourceTree = "<group>"; };
		0A1EBBC6246735F60062002D /* CharacterRouter.swift */ = {isa = PBXFileReference; lastKnownFileType = sourcecode.swift; path = CharacterRouter.swift; sourceTree = "<group>"; };
		0ACA31E32466D3730087DDA1 /* AppCoordinator.swift */ = {isa = PBXFileReference; lastKnownFileType = sourcecode.swift; path = AppCoordinator.swift; sourceTree = "<group>"; };
		0ACA31E72466D46D0087DDA1 /* ViewController.swift */ = {isa = PBXFileReference; fileEncoding = 4; lastKnownFileType = sourcecode.swift; path = ViewController.swift; sourceTree = "<group>"; };
		0ACA31E82466D46D0087DDA1 /* NibViewController.swift */ = {isa = PBXFileReference; fileEncoding = 4; lastKnownFileType = sourcecode.swift; path = NibViewController.swift; sourceTree = "<group>"; };
		0ACA31EA2466D46D0087DDA1 /* ViewControllerInterface.swift */ = {isa = PBXFileReference; fileEncoding = 4; lastKnownFileType = sourcecode.swift; path = ViewControllerInterface.swift; sourceTree = "<group>"; };
		0ACA31EB2466D46D0087DDA1 /* NibViewInterface.swift */ = {isa = PBXFileReference; fileEncoding = 4; lastKnownFileType = sourcecode.swift; path = NibViewInterface.swift; sourceTree = "<group>"; };
		0ACA31F52466D5580087DDA1 /* CharactersContentView.swift */ = {isa = PBXFileReference; lastKnownFileType = sourcecode.swift; path = CharactersContentView.swift; sourceTree = "<group>"; };
		0ACA31F72466D56A0087DDA1 /* CharactersContentView.xib */ = {isa = PBXFileReference; lastKnownFileType = file.xib; path = CharactersContentView.xib; sourceTree = "<group>"; };
		0ACA31FD2466DC970087DDA1 /* ShowingDataCharacterTableViewCell.swift */ = {isa = PBXFileReference; lastKnownFileType = sourcecode.swift; path = ShowingDataCharacterTableViewCell.swift; sourceTree = "<group>"; };
		0ACA31FF2466DCF10087DDA1 /* ShowingDataCharacterTableViewCell.xib */ = {isa = PBXFileReference; lastKnownFileType = file.xib; path = ShowingDataCharacterTableViewCell.xib; sourceTree = "<group>"; };
		0ACA32052466DDB10087DDA1 /* ErrorCharacterTableViewCell.swift */ = {isa = PBXFileReference; lastKnownFileType = sourcecode.swift; path = ErrorCharacterTableViewCell.swift; sourceTree = "<group>"; };
		0ACA32072466DDC00087DDA1 /* ErrorCharacterTableViewCell.xib */ = {isa = PBXFileReference; lastKnownFileType = file.xib; path = ErrorCharacterTableViewCell.xib; sourceTree = "<group>"; };
		0ACA32092466DDD30087DDA1 /* EmptyCharacterTableViewCell.swift */ = {isa = PBXFileReference; lastKnownFileType = sourcecode.swift; path = EmptyCharacterTableViewCell.swift; sourceTree = "<group>"; };
		0ACA320B2466DDDD0087DDA1 /* EmptyCharacterTableViewCell.xib */ = {isa = PBXFileReference; lastKnownFileType = file.xib; path = EmptyCharacterTableViewCell.xib; sourceTree = "<group>"; };
		0ACA320D2466DDEC0087DDA1 /* InitialCharacterTableViewCell.swift */ = {isa = PBXFileReference; lastKnownFileType = sourcecode.swift; path = InitialCharacterTableViewCell.swift; sourceTree = "<group>"; };
		0ACA320F2466DDFC0087DDA1 /* InitialCharacterTableViewCell.xib */ = {isa = PBXFileReference; lastKnownFileType = file.xib; path = InitialCharacterTableViewCell.xib; sourceTree = "<group>"; };
		0ACA32122466E2CA0087DDA1 /* Character.swift */ = {isa = PBXFileReference; lastKnownFileType = sourcecode.swift; path = Character.swift; sourceTree = "<group>"; };
		0ACA32142466E2DA0087DDA1 /* Comics.swift */ = {isa = PBXFileReference; lastKnownFileType = sourcecode.swift; path = Comics.swift; sourceTree = "<group>"; };
		0ACA32162466E2ED0087DDA1 /* Thumbnail.swift */ = {isa = PBXFileReference; lastKnownFileType = sourcecode.swift; path = Thumbnail.swift; sourceTree = "<group>"; };
		0ACA32182466E4970087DDA1 /* CharactersViewController+State.swift */ = {isa = PBXFileReference; lastKnownFileType = sourcecode.swift; path = "CharactersViewController+State.swift"; sourceTree = "<group>"; };
		0AD4F65D24697388009CFF4A /* CharacterDetailViewController.swift */ = {isa = PBXFileReference; lastKnownFileType = sourcecode.swift; path = CharacterDetailViewController.swift; sourceTree = "<group>"; };
		0AD4F65F246973A1009CFF4A /* CharacterDetailContentView.swift */ = {isa = PBXFileReference; lastKnownFileType = sourcecode.swift; path = CharacterDetailContentView.swift; sourceTree = "<group>"; };
		0AD4F661246973AE009CFF4A /* CharacterDetailContentView.xib */ = {isa = PBXFileReference; lastKnownFileType = file.xib; path = CharacterDetailContentView.xib; sourceTree = "<group>"; };
		0AD4F663246973F1009CFF4A /* CharacterComicsViewController.swift */ = {isa = PBXFileReference; lastKnownFileType = sourcecode.swift; path = CharacterComicsViewController.swift; sourceTree = "<group>"; };
		0AD4F66524697409009CFF4A /* CharacterComicsContentView.swift */ = {isa = PBXFileReference; lastKnownFileType = sourcecode.swift; path = CharacterComicsContentView.swift; sourceTree = "<group>"; };
		0AD4F66724697417009CFF4A /* CharacterComicsContentView.xib */ = {isa = PBXFileReference; lastKnownFileType = file.xib; path = CharacterComicsContentView.xib; sourceTree = "<group>"; };
		0AD4F66924697AB0009CFF4A /* UIView.swift */ = {isa = PBXFileReference; lastKnownFileType = sourcecode.swift; path = UIView.swift; sourceTree = "<group>"; };
		0AD4F66C24697D1E009CFF4A /* ShowingDataComicsCollectionViewCell.swift */ = {isa = PBXFileReference; lastKnownFileType = sourcecode.swift; path = ShowingDataComicsCollectionViewCell.swift; sourceTree = "<group>"; };
		0AD4F66E24697D29009CFF4A /* ShowingDataComicsCollectionViewCell.xib */ = {isa = PBXFileReference; lastKnownFileType = file.xib; path = ShowingDataComicsCollectionViewCell.xib; sourceTree = "<group>"; };
		0AD4F674246980AB009CFF4A /* LoadingComicsCollectionViewCell.swift */ = {isa = PBXFileReference; lastKnownFileType = sourcecode.swift; path = LoadingComicsCollectionViewCell.swift; sourceTree = "<group>"; };
		0AD4F676246980C5009CFF4A /* LoadingComicsCollectionViewCell.xib */ = {isa = PBXFileReference; lastKnownFileType = file.xib; path = LoadingComicsCollectionViewCell.xib; sourceTree = "<group>"; };
		0AD4F67824698127009CFF4A /* EmptyComicsCollectionViewCell.swift */ = {isa = PBXFileReference; lastKnownFileType = sourcecode.swift; path = EmptyComicsCollectionViewCell.swift; sourceTree = "<group>"; };
		0AD4F67A24698133009CFF4A /* EmptyComicsCollectionViewCell.xib */ = {isa = PBXFileReference; lastKnownFileType = file.xib; path = EmptyComicsCollectionViewCell.xib; sourceTree = "<group>"; };
		0AD4F67C2469822B009CFF4A /* ErrorComicsCollectionViewCell.swift */ = {isa = PBXFileReference; lastKnownFileType = sourcecode.swift; path = ErrorComicsCollectionViewCell.swift; sourceTree = "<group>"; };
		0AD4F67E24698234009CFF4A /* ErrorComicsCollectionViewCell.xib */ = {isa = PBXFileReference; lastKnownFileType = file.xib; path = ErrorComicsCollectionViewCell.xib; sourceTree = "<group>"; };
		0AD4F680246983AD009CFF4A /* CharacterComicsViewController+State.swift */ = {isa = PBXFileReference; lastKnownFileType = sourcecode.swift; path = "CharacterComicsViewController+State.swift"; sourceTree = "<group>"; };
		29CD5804BCDD280043679BD2 /* Pods-MVC.debug.xcconfig */ = {isa = PBXFileReference; includeInIndex = 1; lastKnownFileType = text.xcconfig; name = "Pods-MVC.debug.xcconfig"; path = "Target Support Files/Pods-MVC/Pods-MVC.debug.xcconfig"; sourceTree = "<group>"; };
		8D8C6B2B5F6435A9CB559331 /* Pods-MVC.release.xcconfig */ = {isa = PBXFileReference; includeInIndex = 1; lastKnownFileType = text.xcconfig; name = "Pods-MVC.release.xcconfig"; path = "Target Support Files/Pods-MVC/Pods-MVC.release.xcconfig"; sourceTree = "<group>"; };
		C7FF5FD936E1D46DA00B5127 /* Pods_MVC.framework */ = {isa = PBXFileReference; explicitFileType = wrapper.framework; includeInIndex = 0; path = Pods_MVC.framework; sourceTree = BUILT_PRODUCTS_DIR; };
/* End PBXFileReference section */

/* Begin PBXFrameworksBuildPhase section */
		0A1896522461ECF200F56723 /* Frameworks */ = {
			isa = PBXFrameworksBuildPhase;
			buildActionMask = 2147483647;
			files = (
				79D0885FFB147CBF96123793 /* Pods_MVC.framework in Frameworks */,
			);
			runOnlyForDeploymentPostprocessing = 0;
		};
/* End PBXFrameworksBuildPhase section */

/* Begin PBXGroup section */
		0A18964C2461ECF200F56723 = {
			isa = PBXGroup;
			children = (
				0A1896572461ECF200F56723 /* MVC */,
				0A1896562461ECF200F56723 /* Products */,
				B023156272CEA622BA06EFDC /* Pods */,
				A2526D4B8BD77C28053E0E96 /* Frameworks */,
			);
			sourceTree = "<group>";
		};
		0A1896562461ECF200F56723 /* Products */ = {
			isa = PBXGroup;
			children = (
				0A1896552461ECF200F56723 /* MVC.app */,
			);
			name = Products;
			sourceTree = "<group>";
		};
		0A1896572461ECF200F56723 /* MVC */ = {
			isa = PBXGroup;
			children = (
				0A1896582461ECF200F56723 /* AppDelegate.swift */,
				0A18965A2461ECF200F56723 /* SceneDelegate.swift */,
				0ACA31E32466D3730087DDA1 /* AppCoordinator.swift */,
				0A1EBBC4246734FD0062002D /* Constants.swift */,
				0A1896662461ECF300F56723 /* Info.plist */,
				0A1896612461ECF300F56723 /* Assets.xcassets */,
				0A1896632461ECF300F56723 /* LaunchScreen.storyboard */,
				0ACA31FB2466D6BA0087DDA1 /* Networking */,
				0ACA31FA2466D6A90087DDA1 /* Factories */,
				0ACA31F92466D6980087DDA1 /* Extensions */,
				0ACA31E52466D46D0087DDA1 /* Base */,
				0ACA32112466E28A0087DDA1 /* Entities */,
				0ACA31F02466D4FB0087DDA1 /* Screens */,
			);
			path = MVC;
			sourceTree = "<group>";
		};
		0A1EBBB9246733720062002D /* Responses */ = {
			isa = PBXGroup;
			children = (
				0A1EBBBB246733F60062002D /* GetCharactersResponse.swift */,
				0A1EBBBE246734250062002D /* GetComicsResponse.swift */,
			);
			path = Responses;
			sourceTree = "<group>";
		};
		0A1EBBBA2467337F0062002D /* Routers */ = {
			isa = PBXGroup;
			children = (
				0A1EBBC0246734610062002D /* RouterInterface.swift */,
				0A1EBBC6246735F60062002D /* CharacterRouter.swift */,
			);
			path = Routers;
			sourceTree = "<group>";
		};
		0ACA31E52466D46D0087DDA1 /* Base */ = {
			isa = PBXGroup;
			children = (
				0ACA31E62466D46D0087DDA1 /* Controllers */,
				0ACA31E92466D46D0087DDA1 /* Protocols */,
			);
			path = Base;
			sourceTree = "<group>";
		};
		0ACA31E62466D46D0087DDA1 /* Controllers */ = {
			isa = PBXGroup;
			children = (
				0ACA31E72466D46D0087DDA1 /* ViewController.swift */,
				0ACA31E82466D46D0087DDA1 /* NibViewController.swift */,
			);
			path = Controllers;
			sourceTree = "<group>";
		};
		0ACA31E92466D46D0087DDA1 /* Protocols */ = {
			isa = PBXGroup;
			children = (
				0ACA31EA2466D46D0087DDA1 /* ViewControllerInterface.swift */,
				0ACA31EB2466D46D0087DDA1 /* NibViewInterface.swift */,
			);
			path = Protocols;
			sourceTree = "<group>";
		};
		0ACA31F02466D4FB0087DDA1 /* Screens */ = {
			isa = PBXGroup;
			children = (
				0ACA31F22466D5240087DDA1 /* Detail */,
				0ACA31F12466D51B0087DDA1 /* Characters */,
			);
			path = Screens;
			sourceTree = "<group>";
		};
		0ACA31F12466D51B0087DDA1 /* Characters */ = {
			isa = PBXGroup;
			children = (
				0ACA31F42466D5330087DDA1 /* Controller */,
				0ACA31F32466D52D0087DDA1 /* View */,
			);
			path = Characters;
			sourceTree = "<group>";
		};
		0ACA31F22466D5240087DDA1 /* Detail */ = {
			isa = PBXGroup;
			children = (
				0AD4F65A24697340009CFF4A /* Child */,
				0AD4F65924697326009CFF4A /* Controller */,
				0AD4F6582469731F009CFF4A /* View */,
			);
			path = Detail;
			sourceTree = "<group>";
		};
		0ACA31F32466D52D0087DDA1 /* View */ = {
			isa = PBXGroup;
			children = (
				0ACA31FC2466DC4C0087DDA1 /* Cell */,
				0ACA31F52466D5580087DDA1 /* CharactersContentView.swift */,
				0ACA31F72466D56A0087DDA1 /* CharactersContentView.xib */,
			);
			path = View;
			sourceTree = "<group>";
		};
		0ACA31F42466D5330087DDA1 /* Controller */ = {
			isa = PBXGroup;
			children = (
				0A18965C2461ECF200F56723 /* CharactersViewController.swift */,
				0ACA32182466E4970087DDA1 /* CharactersViewController+State.swift */,
			);
			path = Controller;
			sourceTree = "<group>";
		};
		0ACA31F92466D6980087DDA1 /* Extensions */ = {
			isa = PBXGroup;
			children = (
				0A1EBBC2246734D40062002D /* HTTPMethod.swift */,
				0AD4F66924697AB0009CFF4A /* UIView.swift */,
			);
			path = Extensions;
			sourceTree = "<group>";
		};
		0ACA31FA2466D6A90087DDA1 /* Factories */ = {
			isa = PBXGroup;
			children = (
			);
			path = Factories;
			sourceTree = "<group>";
		};
		0ACA31FB2466D6BA0087DDA1 /* Networking */ = {
			isa = PBXGroup;
			children = (
				0A1EBBBA2467337F0062002D /* Routers */,
				0A1EBBB9246733720062002D /* Responses */,
				0A1EBBB724672F690062002D /* Networking.swift */,
			);
			path = Networking;
			sourceTree = "<group>";
		};
		0ACA31FC2466DC4C0087DDA1 /* Cell */ = {
			isa = PBXGroup;
			children = (
				0ACA32042466DD800087DDA1 /* ShowingData */,
				0ACA32032466DD770087DDA1 /* Error */,
				0ACA32022466DD6C0087DDA1 /* Empty */,
				0ACA32012466DD620087DDA1 /* Initial */,
			);
			path = Cell;
			sourceTree = "<group>";
		};
		0ACA32012466DD620087DDA1 /* Initial */ = {
			isa = PBXGroup;
			children = (
				0ACA320D2466DDEC0087DDA1 /* InitialCharacterTableViewCell.swift */,
				0ACA320F2466DDFC0087DDA1 /* InitialCharacterTableViewCell.xib */,
			);
			path = Initial;
			sourceTree = "<group>";
		};
		0ACA32022466DD6C0087DDA1 /* Empty */ = {
			isa = PBXGroup;
			children = (
				0ACA32092466DDD30087DDA1 /* EmptyCharacterTableViewCell.swift */,
				0ACA320B2466DDDD0087DDA1 /* EmptyCharacterTableViewCell.xib */,
			);
			path = Empty;
			sourceTree = "<group>";
		};
		0ACA32032466DD770087DDA1 /* Error */ = {
			isa = PBXGroup;
			children = (
				0ACA32052466DDB10087DDA1 /* ErrorCharacterTableViewCell.swift */,
				0ACA32072466DDC00087DDA1 /* ErrorCharacterTableViewCell.xib */,
			);
			path = Error;
			sourceTree = "<group>";
		};
		0ACA32042466DD800087DDA1 /* ShowingData */ = {
			isa = PBXGroup;
			children = (
				0ACA31FD2466DC970087DDA1 /* ShowingDataCharacterTableViewCell.swift */,
				0ACA31FF2466DCF10087DDA1 /* ShowingDataCharacterTableViewCell.xib */,
			);
			path = ShowingData;
			sourceTree = "<group>";
		};
		0ACA32112466E28A0087DDA1 /* Entities */ = {
			isa = PBXGroup;
			children = (
				0ACA32122466E2CA0087DDA1 /* Character.swift */,
				0ACA32142466E2DA0087DDA1 /* Comics.swift */,
				0ACA32162466E2ED0087DDA1 /* Thumbnail.swift */,
			);
			path = Entities;
			sourceTree = "<group>";
		};
		0AD4F6582469731F009CFF4A /* View */ = {
			isa = PBXGroup;
			children = (
				0AD4F65F246973A1009CFF4A /* CharacterDetailContentView.swift */,
				0AD4F661246973AE009CFF4A /* CharacterDetailContentView.xib */,
			);
			path = View;
			sourceTree = "<group>";
		};
		0AD4F65924697326009CFF4A /* Controller */ = {
			isa = PBXGroup;
			children = (
				0AD4F65D24697388009CFF4A /* CharacterDetailViewController.swift */,
			);
			path = Controller;
			sourceTree = "<group>";
		};
		0AD4F65A24697340009CFF4A /* Child */ = {
			isa = PBXGroup;
			children = (
				0AD4F65C2469734F009CFF4A /* Controller */,
				0AD4F65B2469734A009CFF4A /* View */,
			);
			path = Child;
			sourceTree = "<group>";
		};
		0AD4F65B2469734A009CFF4A /* View */ = {
			isa = PBXGroup;
			children = (
				0AD4F66B24697D02009CFF4A /* Cell */,
				0AD4F66524697409009CFF4A /* CharacterComicsContentView.swift */,
				0AD4F66724697417009CFF4A /* CharacterComicsContentView.xib */,
			);
			path = View;
			sourceTree = "<group>";
		};
		0AD4F65C2469734F009CFF4A /* Controller */ = {
			isa = PBXGroup;
			children = (
				0AD4F663246973F1009CFF4A /* CharacterComicsViewController.swift */,
				0AD4F680246983AD009CFF4A /* CharacterComicsViewController+State.swift */,
			);
			path = Controller;
			sourceTree = "<group>";
		};
		0AD4F66B24697D02009CFF4A /* Cell */ = {
			isa = PBXGroup;
			children = (
				0AD4F67324697FC2009CFF4A /* Error */,
				0AD4F67224697FBB009CFF4A /* ShowingData */,
				0AD4F67124697FB5009CFF4A /* Empty */,
				0AD4F67024697FAC009CFF4A /* Loading */,
			);
			path = Cell;
			sourceTree = "<group>";
		};
		0AD4F67024697FAC009CFF4A /* Loading */ = {
			isa = PBXGroup;
			children = (
				0AD4F674246980AB009CFF4A /* LoadingComicsCollectionViewCell.swift */,
				0AD4F676246980C5009CFF4A /* LoadingComicsCollectionViewCell.xib */,
			);
			path = Loading;
			sourceTree = "<group>";
		};
		0AD4F67124697FB5009CFF4A /* Empty */ = {
			isa = PBXGroup;
			children = (
				0AD4F67824698127009CFF4A /* EmptyComicsCollectionViewCell.swift */,
				0AD4F67A24698133009CFF4A /* EmptyComicsCollectionViewCell.xib */,
			);
			path = Empty;
			sourceTree = "<group>";
		};
		0AD4F67224697FBB009CFF4A /* ShowingData */ = {
			isa = PBXGroup;
			children = (
				0AD4F66C24697D1E009CFF4A /* ShowingDataComicsCollectionViewCell.swift */,
				0AD4F66E24697D29009CFF4A /* ShowingDataComicsCollectionViewCell.xib */,
			);
			path = ShowingData;
			sourceTree = "<group>";
		};
		0AD4F67324697FC2009CFF4A /* Error */ = {
			isa = PBXGroup;
			children = (
				0AD4F67C2469822B009CFF4A /* ErrorComicsCollectionViewCell.swift */,
				0AD4F67E24698234009CFF4A /* ErrorComicsCollectionViewCell.xib */,
			);
			path = Error;
			sourceTree = "<group>";
		};
		A2526D4B8BD77C28053E0E96 /* Frameworks */ = {
			isa = PBXGroup;
			children = (
				C7FF5FD936E1D46DA00B5127 /* Pods_MVC.framework */,
			);
			name = Frameworks;
			sourceTree = "<group>";
		};
		B023156272CEA622BA06EFDC /* Pods */ = {
			isa = PBXGroup;
			children = (
				29CD5804BCDD280043679BD2 /* Pods-MVC.debug.xcconfig */,
				8D8C6B2B5F6435A9CB559331 /* Pods-MVC.release.xcconfig */,
			);
			path = Pods;
			sourceTree = "<group>";
		};
/* End PBXGroup section */

/* Begin PBXNativeTarget section */
		0A1896542461ECF200F56723 /* MVC */ = {
			isa = PBXNativeTarget;
			buildConfigurationList = 0A1896692461ECF300F56723 /* Build configuration list for PBXNativeTarget "MVC" */;
			buildPhases = (
				9335020DD673301AE18AE5F2 /* [CP] Check Pods Manifest.lock */,
				0A1896512461ECF200F56723 /* Sources */,
				0A1896522461ECF200F56723 /* Frameworks */,
				0A1896532461ECF200F56723 /* Resources */,
				32B093945BF737A3014CED94 /* [CP] Embed Pods Frameworks */,
			);
			buildRules = (
			);
			dependencies = (
			);
			name = MVC;
			productName = MVC;
			productReference = 0A1896552461ECF200F56723 /* MVC.app */;
			productType = "com.apple.product-type.application";
		};
/* End PBXNativeTarget section */

/* Begin PBXProject section */
		0A18964D2461ECF200F56723 /* Project object */ = {
			isa = PBXProject;
			attributes = {
				LastSwiftUpdateCheck = 1140;
				LastUpgradeCheck = 1140;
				ORGANIZATIONNAME = "Dmitry Y.";
				TargetAttributes = {
					0A1896542461ECF200F56723 = {
						CreatedOnToolsVersion = 11.4.1;
					};
				};
			};
			buildConfigurationList = 0A1896502461ECF200F56723 /* Build configuration list for PBXProject "MVC" */;
			compatibilityVersion = "Xcode 9.3";
			developmentRegion = en;
			hasScannedForEncodings = 0;
			knownRegions = (
				en,
				Base,
			);
			mainGroup = 0A18964C2461ECF200F56723;
			productRefGroup = 0A1896562461ECF200F56723 /* Products */;
			projectDirPath = "";
			projectRoot = "";
			targets = (
				0A1896542461ECF200F56723 /* MVC */,
			);
		};
/* End PBXProject section */

/* Begin PBXResourcesBuildPhase section */
		0A1896532461ECF200F56723 /* Resources */ = {
			isa = PBXResourcesBuildPhase;
			buildActionMask = 2147483647;
			files = (
				0AD4F677246980C5009CFF4A /* LoadingComicsCollectionViewCell.xib in Resources */,
				0ACA32082466DDC00087DDA1 /* ErrorCharacterTableViewCell.xib in Resources */,
				0ACA320C2466DDDD0087DDA1 /* EmptyCharacterTableViewCell.xib in Resources */,
				0AD4F66F24697D29009CFF4A /* ShowingDataComicsCollectionViewCell.xib in Resources */,
				0ACA32102466DDFC0087DDA1 /* InitialCharacterTableViewCell.xib in Resources */,
				0AD4F67F24698234009CFF4A /* ErrorComicsCollectionViewCell.xib in Resources */,
				0ACA31F82466D56A0087DDA1 /* CharactersContentView.xib in Resources */,
				0AD4F67B24698133009CFF4A /* EmptyComicsCollectionViewCell.xib in Resources */,
				0A1896652461ECF300F56723 /* LaunchScreen.storyboard in Resources */,
				0AD4F662246973AE009CFF4A /* CharacterDetailContentView.xib in Resources */,
				0AD4F66824697417009CFF4A /* CharacterComicsContentView.xib in Resources */,
				0A1896622461ECF300F56723 /* Assets.xcassets in Resources */,
				0ACA32002466DCF10087DDA1 /* ShowingDataCharacterTableViewCell.xib in Resources */,
			);
			runOnlyForDeploymentPostprocessing = 0;
		};
/* End PBXResourcesBuildPhase section */

/* Begin PBXShellScriptBuildPhase section */
		32B093945BF737A3014CED94 /* [CP] Embed Pods Frameworks */ = {
			isa = PBXShellScriptBuildPhase;
			buildActionMask = 2147483647;
			files = (
			);
			inputFileListPaths = (
				"${PODS_ROOT}/Target Support Files/Pods-MVC/Pods-MVC-frameworks-${CONFIGURATION}-input-files.xcfilelist",
			);
			name = "[CP] Embed Pods Frameworks";
			outputFileListPaths = (
				"${PODS_ROOT}/Target Support Files/Pods-MVC/Pods-MVC-frameworks-${CONFIGURATION}-output-files.xcfilelist",
			);
			runOnlyForDeploymentPostprocessing = 0;
			shellPath = /bin/sh;
			shellScript = "\"${PODS_ROOT}/Target Support Files/Pods-MVC/Pods-MVC-frameworks.sh\"\n";
			showEnvVarsInLog = 0;
		};
		9335020DD673301AE18AE5F2 /* [CP] Check Pods Manifest.lock */ = {
			isa = PBXShellScriptBuildPhase;
			buildActionMask = 2147483647;
			files = (
			);
			inputFileListPaths = (
			);
			inputPaths = (
				"${PODS_PODFILE_DIR_PATH}/Podfile.lock",
				"${PODS_ROOT}/Manifest.lock",
			);
			name = "[CP] Check Pods Manifest.lock";
			outputFileListPaths = (
			);
			outputPaths = (
				"$(DERIVED_FILE_DIR)/Pods-MVC-checkManifestLockResult.txt",
			);
			runOnlyForDeploymentPostprocessing = 0;
			shellPath = /bin/sh;
			shellScript = "diff \"${PODS_PODFILE_DIR_PATH}/Podfile.lock\" \"${PODS_ROOT}/Manifest.lock\" > /dev/null\nif [ $? != 0 ] ; then\n    # print error to STDERR\n    echo \"error: The sandbox is not in sync with the Podfile.lock. Run 'pod install' or update your CocoaPods installation.\" >&2\n    exit 1\nfi\n# This output is used by Xcode 'outputs' to avoid re-running this script phase.\necho \"SUCCESS\" > \"${SCRIPT_OUTPUT_FILE_0}\"\n";
			showEnvVarsInLog = 0;
		};
/* End PBXShellScriptBuildPhase section */

/* Begin PBXSourcesBuildPhase section */
		0A1896512461ECF200F56723 /* Sources */ = {
			isa = PBXSourcesBuildPhase;
			buildActionMask = 2147483647;
			files = (
				0A1EBBBC246733F60062002D /* GetCharactersResponse.swift in Sources */,
				0ACA31ED2466D46D0087DDA1 /* NibViewController.swift in Sources */,
				0AD4F660246973A1009CFF4A /* CharacterDetailContentView.swift in Sources */,
				0ACA320A2466DDD30087DDA1 /* EmptyCharacterTableViewCell.swift in Sources */,
				0AD4F66A24697AB0009CFF4A /* UIView.swift in Sources */,
				0ACA31EC2466D46D0087DDA1 /* ViewController.swift in Sources */,
				0A1EBBC1246734610062002D /* RouterInterface.swift in Sources */,
				0AD4F67D2469822B009CFF4A /* ErrorComicsCollectionViewCell.swift in Sources */,
				0A1EBBB824672F690062002D /* Networking.swift in Sources */,
				0AD4F66D24697D1E009CFF4A /* ShowingDataComicsCollectionViewCell.swift in Sources */,
				0A1EBBC5246734FD0062002D /* Constants.swift in Sources */,
				0ACA31E42466D3730087DDA1 /* AppCoordinator.swift in Sources */,
				0ACA32062466DDB10087DDA1 /* ErrorCharacterTableViewCell.swift in Sources */,
				0ACA32152466E2DA0087DDA1 /* Comics.swift in Sources */,
				0ACA31EE2466D46D0087DDA1 /* ViewControllerInterface.swift in Sources */,
				0AD4F67924698127009CFF4A /* EmptyComicsCollectionViewCell.swift in Sources */,
				0ACA32192466E4970087DDA1 /* CharactersViewController+State.swift in Sources */,
				0ACA31F62466D5580087DDA1 /* CharactersContentView.swift in Sources */,
				0A18965D2461ECF200F56723 /* CharactersViewController.swift in Sources */,
				0A1896592461ECF200F56723 /* AppDelegate.swift in Sources */,
				0AD4F681246983AD009CFF4A /* CharacterComicsViewController+State.swift in Sources */,
				0A1EBBC3246734D40062002D /* HTTPMethod.swift in Sources */,
				0ACA32132466E2CA0087DDA1 /* Character.swift in Sources */,
				0ACA31FE2466DC970087DDA1 /* ShowingDataCharacterTableViewCell.swift in Sources */,
				0ACA31EF2466D46D0087DDA1 /* NibViewInterface.swift in Sources */,
				0AD4F66624697409009CFF4A /* CharacterComicsContentView.swift in Sources */,
				0ACA320E2466DDEC0087DDA1 /* InitialCharacterTableViewCell.swift in Sources */,
				0AD4F65E24697388009CFF4A /* CharacterDetailViewController.swift in Sources */,
				0ACA32172466E2ED0087DDA1 /* Thumbnail.swift in Sources */,
				0AD4F675246980AB009CFF4A /* LoadingComicsCollectionViewCell.swift in Sources */,
				0AD4F664246973F1009CFF4A /* CharacterComicsViewController.swift in Sources */,
				0A18965B2461ECF200F56723 /* SceneDelegate.swift in Sources */,
				0A1EBBC7246735F60062002D /* CharacterRouter.swift in Sources */,
				0A1EBBBF246734250062002D /* GetComicsResponse.swift in Sources */,
			);
			runOnlyForDeploymentPostprocessing = 0;
		};
/* End PBXSourcesBuildPhase section */

/* Begin PBXVariantGroup section */
		0A1896632461ECF300F56723 /* LaunchScreen.storyboard */ = {
			isa = PBXVariantGroup;
			children = (
				0A1896642461ECF300F56723 /* Base */,
			);
			name = LaunchScreen.storyboard;
			sourceTree = "<group>";
		};
/* End PBXVariantGroup section */

/* Begin XCBuildConfiguration section */
		0A1896672461ECF300F56723 /* Debug */ = {
			isa = XCBuildConfiguration;
			buildSettings = {
				ALWAYS_SEARCH_USER_PATHS = NO;
				CLANG_ANALYZER_NONNULL = YES;
				CLANG_ANALYZER_NUMBER_OBJECT_CONVERSION = YES_AGGRESSIVE;
				CLANG_CXX_LANGUAGE_STANDARD = "gnu++14";
				CLANG_CXX_LIBRARY = "libc++";
				CLANG_ENABLE_MODULES = YES;
				CLANG_ENABLE_OBJC_ARC = YES;
				CLANG_ENABLE_OBJC_WEAK = YES;
				CLANG_WARN_BLOCK_CAPTURE_AUTORELEASING = YES;
				CLANG_WARN_BOOL_CONVERSION = YES;
				CLANG_WARN_COMMA = YES;
				CLANG_WARN_CONSTANT_CONVERSION = YES;
				CLANG_WARN_DEPRECATED_OBJC_IMPLEMENTATIONS = YES;
				CLANG_WARN_DIRECT_OBJC_ISA_USAGE = YES_ERROR;
				CLANG_WARN_DOCUMENTATION_COMMENTS = YES;
				CLANG_WARN_EMPTY_BODY = YES;
				CLANG_WARN_ENUM_CONVERSION = YES;
				CLANG_WARN_INFINITE_RECURSION = YES;
				CLANG_WARN_INT_CONVERSION = YES;
				CLANG_WARN_NON_LITERAL_NULL_CONVERSION = YES;
				CLANG_WARN_OBJC_IMPLICIT_RETAIN_SELF = YES;
				CLANG_WARN_OBJC_LITERAL_CONVERSION = YES;
				CLANG_WARN_OBJC_ROOT_CLASS = YES_ERROR;
				CLANG_WARN_RANGE_LOOP_ANALYSIS = YES;
				CLANG_WARN_STRICT_PROTOTYPES = YES;
				CLANG_WARN_SUSPICIOUS_MOVE = YES;
				CLANG_WARN_UNGUARDED_AVAILABILITY = YES_AGGRESSIVE;
				CLANG_WARN_UNREACHABLE_CODE = YES;
				CLANG_WARN__DUPLICATE_METHOD_MATCH = YES;
				COPY_PHASE_STRIP = NO;
				DEBUG_INFORMATION_FORMAT = dwarf;
				ENABLE_STRICT_OBJC_MSGSEND = YES;
				ENABLE_TESTABILITY = YES;
				GCC_C_LANGUAGE_STANDARD = gnu11;
				GCC_DYNAMIC_NO_PIC = NO;
				GCC_NO_COMMON_BLOCKS = YES;
				GCC_OPTIMIZATION_LEVEL = 0;
				GCC_PREPROCESSOR_DEFINITIONS = (
					"DEBUG=1",
					"$(inherited)",
				);
				GCC_WARN_64_TO_32_BIT_CONVERSION = YES;
				GCC_WARN_ABOUT_RETURN_TYPE = YES_ERROR;
				GCC_WARN_UNDECLARED_SELECTOR = YES;
				GCC_WARN_UNINITIALIZED_AUTOS = YES_AGGRESSIVE;
				GCC_WARN_UNUSED_FUNCTION = YES;
				GCC_WARN_UNUSED_VARIABLE = YES;
				IPHONEOS_DEPLOYMENT_TARGET = 13.4;
				MTL_ENABLE_DEBUG_INFO = INCLUDE_SOURCE;
				MTL_FAST_MATH = YES;
				ONLY_ACTIVE_ARCH = YES;
				SDKROOT = iphoneos;
				SWIFT_ACTIVE_COMPILATION_CONDITIONS = DEBUG;
				SWIFT_OPTIMIZATION_LEVEL = "-Onone";
			};
			name = Debug;
		};
		0A1896682461ECF300F56723 /* Release */ = {
			isa = XCBuildConfiguration;
			buildSettings = {
				ALWAYS_SEARCH_USER_PATHS = NO;
				CLANG_ANALYZER_NONNULL = YES;
				CLANG_ANALYZER_NUMBER_OBJECT_CONVERSION = YES_AGGRESSIVE;
				CLANG_CXX_LANGUAGE_STANDARD = "gnu++14";
				CLANG_CXX_LIBRARY = "libc++";
				CLANG_ENABLE_MODULES = YES;
				CLANG_ENABLE_OBJC_ARC = YES;
				CLANG_ENABLE_OBJC_WEAK = YES;
				CLANG_WARN_BLOCK_CAPTURE_AUTORELEASING = YES;
				CLANG_WARN_BOOL_CONVERSION = YES;
				CLANG_WARN_COMMA = YES;
				CLANG_WARN_CONSTANT_CONVERSION = YES;
				CLANG_WARN_DEPRECATED_OBJC_IMPLEMENTATIONS = YES;
				CLANG_WARN_DIRECT_OBJC_ISA_USAGE = YES_ERROR;
				CLANG_WARN_DOCUMENTATION_COMMENTS = YES;
				CLANG_WARN_EMPTY_BODY = YES;
				CLANG_WARN_ENUM_CONVERSION = YES;
				CLANG_WARN_INFINITE_RECURSION = YES;
				CLANG_WARN_INT_CONVERSION = YES;
				CLANG_WARN_NON_LITERAL_NULL_CONVERSION = YES;
				CLANG_WARN_OBJC_IMPLICIT_RETAIN_SELF = YES;
				CLANG_WARN_OBJC_LITERAL_CONVERSION = YES;
				CLANG_WARN_OBJC_ROOT_CLASS = YES_ERROR;
				CLANG_WARN_RANGE_LOOP_ANALYSIS = YES;
				CLANG_WARN_STRICT_PROTOTYPES = YES;
				CLANG_WARN_SUSPICIOUS_MOVE = YES;
				CLANG_WARN_UNGUARDED_AVAILABILITY = YES_AGGRESSIVE;
				CLANG_WARN_UNREACHABLE_CODE = YES;
				CLANG_WARN__DUPLICATE_METHOD_MATCH = YES;
				COPY_PHASE_STRIP = NO;
				DEBUG_INFORMATION_FORMAT = "dwarf-with-dsym";
				ENABLE_NS_ASSERTIONS = NO;
				ENABLE_STRICT_OBJC_MSGSEND = YES;
				GCC_C_LANGUAGE_STANDARD = gnu11;
				GCC_NO_COMMON_BLOCKS = YES;
				GCC_WARN_64_TO_32_BIT_CONVERSION = YES;
				GCC_WARN_ABOUT_RETURN_TYPE = YES_ERROR;
				GCC_WARN_UNDECLARED_SELECTOR = YES;
				GCC_WARN_UNINITIALIZED_AUTOS = YES_AGGRESSIVE;
				GCC_WARN_UNUSED_FUNCTION = YES;
				GCC_WARN_UNUSED_VARIABLE = YES;
				IPHONEOS_DEPLOYMENT_TARGET = 13.4;
				MTL_ENABLE_DEBUG_INFO = NO;
				MTL_FAST_MATH = YES;
				SDKROOT = iphoneos;
				SWIFT_COMPILATION_MODE = wholemodule;
				SWIFT_OPTIMIZATION_LEVEL = "-O";
				VALIDATE_PRODUCT = YES;
			};
			name = Release;
		};
		0A18966A2461ECF300F56723 /* Debug */ = {
			isa = XCBuildConfiguration;
			baseConfigurationReference = 29CD5804BCDD280043679BD2 /* Pods-MVC.debug.xcconfig */;
			buildSettings = {
				ASSETCATALOG_COMPILER_APPICON_NAME = AppIcon;
				CODE_SIGN_STYLE = Automatic;
				DEVELOPMENT_TEAM = S6ABAFXJXX;
				INFOPLIST_FILE = MVC/Info.plist;
				LD_RUNPATH_SEARCH_PATHS = (
					"$(inherited)",
					"@executable_path/Frameworks",
				);
				PRODUCT_BUNDLE_IDENTIFIER = com.dmitry.MVC;
				PRODUCT_NAME = "$(TARGET_NAME)";
				SWIFT_VERSION = 5.0;
				TARGETED_DEVICE_FAMILY = "1,2";
			};
			name = Debug;
		};
		0A18966B2461ECF300F56723 /* Release */ = {
			isa = XCBuildConfiguration;
			baseConfigurationReference = 8D8C6B2B5F6435A9CB559331 /* Pods-MVC.release.xcconfig */;
			buildSettings = {
				ASSETCATALOG_COMPILER_APPICON_NAME = AppIcon;
				CODE_SIGN_STYLE = Automatic;
				DEVELOPMENT_TEAM = S6ABAFXJXX;
				INFOPLIST_FILE = MVC/Info.plist;
				LD_RUNPATH_SEARCH_PATHS = (
					"$(inherited)",
					"@executable_path/Frameworks",
				);
				PRODUCT_BUNDLE_IDENTIFIER = com.dmitry.MVC;
				PRODUCT_NAME = "$(TARGET_NAME)";
				SWIFT_VERSION = 5.0;
				TARGETED_DEVICE_FAMILY = "1,2";
			};
			name = Release;
		};
/* End XCBuildConfiguration section */

/* Begin XCConfigurationList section */
		0A1896502461ECF200F56723 /* Build configuration list for PBXProject "MVC" */ = {
			isa = XCConfigurationList;
			buildConfigurations = (
				0A1896672461ECF300F56723 /* Debug */,
				0A1896682461ECF300F56723 /* Release */,
			);
			defaultConfigurationIsVisible = 0;
			defaultConfigurationName = Release;
		};
		0A1896692461ECF300F56723 /* Build configuration list for PBXNativeTarget "MVC" */ = {
			isa = XCConfigurationList;
			buildConfigurations = (
				0A18966A2461ECF300F56723 /* Debug */,
				0A18966B2461ECF300F56723 /* Release */,
			);
			defaultConfigurationIsVisible = 0;
			defaultConfigurationName = Release;
		};
/* End XCConfigurationList section */
	};
	rootObject = 0A18964D2461ECF200F56723 /* Project object */;
}
